// !$*UTF8*$!
{
	archiveVersion = 1;
	classes = {
	};
	objectVersion = 56;
	objects = {

/* Begin PBXBuildFile section */
		990733022D9FF7BF007151AB /* Weather_ForecatApp.swift in Sources */ = {isa = PBXBuildFile; fileRef = 990733012D9FF7BF007151AB /* Weather_ForecatApp.swift */; };
		990733042D9FF7BF007151AB /* ContentView.swift in Sources */ = {isa = PBXBuildFile; fileRef = 990733032D9FF7BF007151AB /* ContentView.swift */; };
		990733062D9FF7C2007151AB /* Assets.xcassets in Resources */ = {isa = PBXBuildFile; fileRef = 990733052D9FF7C2007151AB /* Assets.xcassets */; };
		990733092D9FF7C2007151AB /* Preview Assets.xcassets in Resources */ = {isa = PBXBuildFile; fileRef = 990733082D9FF7C2007151AB /* Preview Assets.xcassets */; };
		990733132D9FF7C3007151AB /* Weather_ForecatTests.swift in Sources */ = {isa = PBXBuildFile; fileRef = 990733122D9FF7C3007151AB /* Weather_ForecatTests.swift */; };
		9907331D2D9FF7C3007151AB /* Weather_ForecatUITests.swift in Sources */ = {isa = PBXBuildFile; fileRef = 9907331C2D9FF7C3007151AB /* Weather_ForecatUITests.swift */; };
		9907331F2D9FF7C3007151AB /* Weather_ForecatUITestsLaunchTests.swift in Sources */ = {isa = PBXBuildFile; fileRef = 9907331E2D9FF7C3007151AB /* Weather_ForecatUITestsLaunchTests.swift */; };
		9907332C2DA13B42007151AB /* weatherModel.swift in Sources */ = {isa = PBXBuildFile; fileRef = 9907332B2DA13B42007151AB /* weatherModel.swift */; };
/* End PBXBuildFile section */

/* Begin PBXContainerItemProxy section */
		9907330F2D9FF7C3007151AB /* PBXContainerItemProxy */ = {
			isa = PBXContainerItemProxy;
			containerPortal = 990732F62D9FF7BF007151AB /* Project object */;
			proxyType = 1;
			remoteGlobalIDString = 990732FD2D9FF7BF007151AB;
			remoteInfo = "Weather Forecat";
		};
		990733192D9FF7C3007151AB /* PBXContainerItemProxy */ = {
			isa = PBXContainerItemProxy;
			containerPortal = 990732F62D9FF7BF007151AB /* Project object */;
			proxyType = 1;
			remoteGlobalIDString = 990732FD2D9FF7BF007151AB;
			remoteInfo = "Weather Forecat";
		};
/* End PBXContainerItemProxy section */

/* Begin PBXFileReference section */
		990732FE2D9FF7BF007151AB /* Weather Forecat.app */ = {isa = PBXFileReference; explicitFileType = wrapper.application; includeInIndex = 0; path = "Weather Forecat.app"; sourceTree = BUILT_PRODUCTS_DIR; };
		990733012D9FF7BF007151AB /* Weather_ForecatApp.swift */ = {isa = PBXFileReference; lastKnownFileType = sourcecode.swift; path = Weather_ForecatApp.swift; sourceTree = "<group>"; };
		990733032D9FF7BF007151AB /* ContentView.swift */ = {isa = PBXFileReference; lastKnownFileType = sourcecode.swift; path = ContentView.swift; sourceTree = "<group>"; };
		990733052D9FF7C2007151AB /* Assets.xcassets */ = {isa = PBXFileReference; lastKnownFileType = folder.assetcatalog; path = Assets.xcassets; sourceTree = "<group>"; };
		990733082D9FF7C2007151AB /* Preview Assets.xcassets */ = {isa = PBXFileReference; lastKnownFileType = folder.assetcatalog; path = "Preview Assets.xcassets"; sourceTree = "<group>"; };
		9907330E2D9FF7C3007151AB /* Weather ForecatTests.xctest */ = {isa = PBXFileReference; explicitFileType = wrapper.cfbundle; includeInIndex = 0; path = "Weather ForecatTests.xctest"; sourceTree = BUILT_PRODUCTS_DIR; };
		990733122D9FF7C3007151AB /* Weather_ForecatTests.swift */ = {isa = PBXFileReference; lastKnownFileType = sourcecode.swift; path = Weather_ForecatTests.swift; sourceTree = "<group>"; };
		990733182D9FF7C3007151AB /* Weather ForecatUITests.xctest */ = {isa = PBXFileReference; explicitFileType = wrapper.cfbundle; includeInIndex = 0; path = "Weather ForecatUITests.xctest"; sourceTree = BUILT_PRODUCTS_DIR; };
		9907331C2D9FF7C3007151AB /* Weather_ForecatUITests.swift */ = {isa = PBXFileReference; lastKnownFileType = sourcecode.swift; path = Weather_ForecatUITests.swift; sourceTree = "<group>"; };
		9907331E2D9FF7C3007151AB /* Weather_ForecatUITestsLaunchTests.swift */ = {isa = PBXFileReference; lastKnownFileType = sourcecode.swift; path = Weather_ForecatUITestsLaunchTests.swift; sourceTree = "<group>"; };
		9907332B2DA13B42007151AB /* weatherModel.swift */ = {isa = PBXFileReference; lastKnownFileType = sourcecode.swift; path = weatherModel.swift; sourceTree = "<group>"; };
/* End PBXFileReference section */

/* Begin PBXFrameworksBuildPhase section */
		990732FB2D9FF7BF007151AB /* Frameworks */ = {
			isa = PBXFrameworksBuildPhase;
			buildActionMask = 2147483647;
			files = (
			);
			runOnlyForDeploymentPostprocessing = 0;
		};
		9907330B2D9FF7C3007151AB /* Frameworks */ = {
			isa = PBXFrameworksBuildPhase;
			buildActionMask = 2147483647;
			files = (
			);
			runOnlyForDeploymentPostprocessing = 0;
		};
		990733152D9FF7C3007151AB /* Frameworks */ = {
			isa = PBXFrameworksBuildPhase;
			buildActionMask = 2147483647;
			files = (
			);
			runOnlyForDeploymentPostprocessing = 0;
		};
/* End PBXFrameworksBuildPhase section */

/* Begin PBXGroup section */
		990732F52D9FF7BF007151AB = {
			isa = PBXGroup;
			children = (
				990733002D9FF7BF007151AB /* Weather Forecat */,
				990733112D9FF7C3007151AB /* Weather ForecatTests */,
				9907331B2D9FF7C3007151AB /* Weather ForecatUITests */,
				990732FF2D9FF7BF007151AB /* Products */,
			);
			sourceTree = "<group>";
		};
		990732FF2D9FF7BF007151AB /* Products */ = {
			isa = PBXGroup;
			children = (
				990732FE2D9FF7BF007151AB /* Weather Forecat.app */,
				9907330E2D9FF7C3007151AB /* Weather ForecatTests.xctest */,
				990733182D9FF7C3007151AB /* Weather ForecatUITests.xctest */,
			);
			name = Products;
			sourceTree = "<group>";
		};
		990733002D9FF7BF007151AB /* Weather Forecat */ = {
			isa = PBXGroup;
			children = (
				990733012D9FF7BF007151AB /* Weather_ForecatApp.swift */,
				990733032D9FF7BF007151AB /* ContentView.swift */,
				9907332B2DA13B42007151AB /* weatherModel.swift */,
				990733052D9FF7C2007151AB /* Assets.xcassets */,
				990733072D9FF7C2007151AB /* Preview Content */,
			);
			path = "Weather Forecat";
			sourceTree = "<group>";
		};
		990733072D9FF7C2007151AB /* Preview Content */ = {
			isa = PBXGroup;
			children = (
				990733082D9FF7C2007151AB /* Preview Assets.xcassets */,
			);
			path = "Preview Content";
			sourceTree = "<group>";
		};
		990733112D9FF7C3007151AB /* Weather ForecatTests */ = {
			isa = PBXGroup;
			children = (
				990733122D9FF7C3007151AB /* Weather_ForecatTests.swift */,
			);
			path = "Weather ForecatTests";
			sourceTree = "<group>";
		};
		9907331B2D9FF7C3007151AB /* Weather ForecatUITests */ = {
			isa = PBXGroup;
			children = (
				9907331C2D9FF7C3007151AB /* Weather_ForecatUITests.swift */,
				9907331E2D9FF7C3007151AB /* Weather_ForecatUITestsLaunchTests.swift */,
			);
			path = "Weather ForecatUITests";
			sourceTree = "<group>";
		};
/* End PBXGroup section */

/* Begin PBXNativeTarget section */
		990732FD2D9FF7BF007151AB /* Weather Forecat */ = {
			isa = PBXNativeTarget;
			buildConfigurationList = 990733222D9FF7C3007151AB /* Build configuration list for PBXNativeTarget "Weather Forecat" */;
			buildPhases = (
				990732FA2D9FF7BF007151AB /* Sources */,
				990732FB2D9FF7BF007151AB /* Frameworks */,
				990732FC2D9FF7BF007151AB /* Resources */,
			);
			buildRules = (
			);
			dependencies = (
			);
			name = "Weather Forecat";
			productName = "Weather Forecat";
			productReference = 990732FE2D9FF7BF007151AB /* Weather Forecat.app */;
			productType = "com.apple.product-type.application";
		};
		9907330D2D9FF7C3007151AB /* Weather ForecatTests */ = {
			isa = PBXNativeTarget;
			buildConfigurationList = 990733252D9FF7C3007151AB /* Build configuration list for PBXNativeTarget "Weather ForecatTests" */;
			buildPhases = (
				9907330A2D9FF7C3007151AB /* Sources */,
				9907330B2D9FF7C3007151AB /* Frameworks */,
				9907330C2D9FF7C3007151AB /* Resources */,
			);
			buildRules = (
			);
			dependencies = (
				990733102D9FF7C3007151AB /* PBXTargetDependency */,
			);
			name = "Weather ForecatTests";
			productName = "Weather ForecatTests";
			productReference = 9907330E2D9FF7C3007151AB /* Weather ForecatTests.xctest */;
			productType = "com.apple.product-type.bundle.unit-test";
		};
		990733172D9FF7C3007151AB /* Weather ForecatUITests */ = {
			isa = PBXNativeTarget;
			buildConfigurationList = 990733282D9FF7C3007151AB /* Build configuration list for PBXNativeTarget "Weather ForecatUITests" */;
			buildPhases = (
				990733142D9FF7C3007151AB /* Sources */,
				990733152D9FF7C3007151AB /* Frameworks */,
				990733162D9FF7C3007151AB /* Resources */,
			);
			buildRules = (
			);
			dependencies = (
				9907331A2D9FF7C3007151AB /* PBXTargetDependency */,
			);
			name = "Weather ForecatUITests";
			productName = "Weather ForecatUITests";
			productReference = 990733182D9FF7C3007151AB /* Weather ForecatUITests.xctest */;
			productType = "com.apple.product-type.bundle.ui-testing";
		};
/* End PBXNativeTarget section */

/* Begin PBXProject section */
		990732F62D9FF7BF007151AB /* Project object */ = {
			isa = PBXProject;
			attributes = {
				BuildIndependentTargetsInParallel = 1;
				LastSwiftUpdateCheck = 1520;
				LastUpgradeCheck = 1520;
				TargetAttributes = {
					990732FD2D9FF7BF007151AB = {
						CreatedOnToolsVersion = 15.2;
					};
					9907330D2D9FF7C3007151AB = {
						CreatedOnToolsVersion = 15.2;
						TestTargetID = 990732FD2D9FF7BF007151AB;
					};
					990733172D9FF7C3007151AB = {
						CreatedOnToolsVersion = 15.2;
						TestTargetID = 990732FD2D9FF7BF007151AB;
					};
				};
			};
			buildConfigurationList = 990732F92D9FF7BF007151AB /* Build configuration list for PBXProject "Weather Forecat" */;
			compatibilityVersion = "Xcode 14.0";
			developmentRegion = en;
			hasScannedForEncodings = 0;
			knownRegions = (
				en,
				Base,
			);
			mainGroup = 990732F52D9FF7BF007151AB;
			productRefGroup = 990732FF2D9FF7BF007151AB /* Products */;
			projectDirPath = "";
			projectRoot = "";
			targets = (
				990732FD2D9FF7BF007151AB /* Weather Forecat */,
				9907330D2D9FF7C3007151AB /* Weather ForecatTests */,
				990733172D9FF7C3007151AB /* Weather ForecatUITests */,
			);
		};
/* End PBXProject section */

/* Begin PBXResourcesBuildPhase section */
		990732FC2D9FF7BF007151AB /* Resources */ = {
			isa = PBXResourcesBuildPhase;
			buildActionMask = 2147483647;
			files = (
				990733092D9FF7C2007151AB /* Preview Assets.xcassets in Resources */,
				990733062D9FF7C2007151AB /* Assets.xcassets in Resources */,
			);
			runOnlyForDeploymentPostprocessing = 0;
		};
		9907330C2D9FF7C3007151AB /* Resources */ = {
			isa = PBXResourcesBuildPhase;
			buildActionMask = 2147483647;
			files = (
			);
			runOnlyForDeploymentPostprocessing = 0;
		};
		990733162D9FF7C3007151AB /* Resources */ = {
			isa = PBXResourcesBuildPhase;
			buildActionMask = 2147483647;
			files = (
			);
			runOnlyForDeploymentPostprocessing = 0;
		};
/* End PBXResourcesBuildPhase section */

/* Begin PBXSourcesBuildPhase section */
		990732FA2D9FF7BF007151AB /* Sources */ = {
			isa = PBXSourcesBuildPhase;
			buildActionMask = 2147483647;
			files = (
				990733042D9FF7BF007151AB /* ContentView.swift in Sources */,
				9907332C2DA13B42007151AB /* weatherModel.swift in Sources */,
				990733022D9FF7BF007151AB /* Weather_ForecatApp.swift in Sources */,
			);
			runOnlyForDeploymentPostprocessing = 0;
		};
		9907330A2D9FF7C3007151AB /* Sources */ = {
			isa = PBXSourcesBuildPhase;
			buildActionMask = 2147483647;
			files = (
				990733132D9FF7C3007151AB /* Weather_ForecatTests.swift in Sources */,
			);
			runOnlyForDeploymentPostprocessing = 0;
		};
		990733142D9FF7C3007151AB /* Sources */ = {
			isa = PBXSourcesBuildPhase;
			buildActionMask = 2147483647;
			files = (
				9907331F2D9FF7C3007151AB /* Weather_ForecatUITestsLaunchTests.swift in Sources */,
				9907331D2D9FF7C3007151AB /* Weather_ForecatUITests.swift in Sources */,
			);
			runOnlyForDeploymentPostprocessing = 0;
		};
/* End PBXSourcesBuildPhase section */

/* Begin PBXTargetDependency section */
		990733102D9FF7C3007151AB /* PBXTargetDependency */ = {
			isa = PBXTargetDependency;
			target = 990732FD2D9FF7BF007151AB /* Weather Forecat */;
			targetProxy = 9907330F2D9FF7C3007151AB /* PBXContainerItemProxy */;
		};
		9907331A2D9FF7C3007151AB /* PBXTargetDependency */ = {
			isa = PBXTargetDependency;
			target = 990732FD2D9FF7BF007151AB /* Weather Forecat */;
			targetProxy = 990733192D9FF7C3007151AB /* PBXContainerItemProxy */;
		};
/* End PBXTargetDependency section */

/* Begin XCBuildConfiguration section */
		990733202D9FF7C3007151AB /* Debug */ = {
			isa = XCBuildConfiguration;
			buildSettings = {
				ALWAYS_SEARCH_USER_PATHS = NO;
				ASSETCATALOG_COMPILER_GENERATE_SWIFT_ASSET_SYMBOL_EXTENSIONS = YES;
				CLANG_ANALYZER_NONNULL = YES;
				CLANG_ANALYZER_NUMBER_OBJECT_CONVERSION = YES_AGGRESSIVE;
				CLANG_CXX_LANGUAGE_STANDARD = "gnu++20";
				CLANG_ENABLE_MODULES = YES;
				CLANG_ENABLE_OBJC_ARC = YES;
				CLANG_ENABLE_OBJC_WEAK = YES;
				CLANG_WARN_BLOCK_CAPTURE_AUTORELEASING = YES;
				CLANG_WARN_BOOL_CONVERSION = YES;
				CLANG_WARN_COMMA = YES;
				CLANG_WARN_CONSTANT_CONVERSION = YES;
				CLANG_WARN_DEPRECATED_OBJC_IMPLEMENTATIONS = YES;
				CLANG_WARN_DIRECT_OBJC_ISA_USAGE = YES_ERROR;
				CLANG_WARN_DOCUMENTATION_COMMENTS = YES;
				CLANG_WARN_EMPTY_BODY = YES;
				CLANG_WARN_ENUM_CONVERSION = YES;
				CLANG_WARN_INFINITE_RECURSION = YES;
				CLANG_WARN_INT_CONVERSION = YES;
				CLANG_WARN_NON_LITERAL_NULL_CONVERSION = YES;
				CLANG_WARN_OBJC_IMPLICIT_RETAIN_SELF = YES;
				CLANG_WARN_OBJC_LITERAL_CONVERSION = YES;
				CLANG_WARN_OBJC_ROOT_CLASS = YES_ERROR;
				CLANG_WARN_QUOTED_INCLUDE_IN_FRAMEWORK_HEADER = YES;
				CLANG_WARN_RANGE_LOOP_ANALYSIS = YES;
				CLANG_WARN_STRICT_PROTOTYPES = YES;
				CLANG_WARN_SUSPICIOUS_MOVE = YES;
				CLANG_WARN_UNGUARDED_AVAILABILITY = YES_AGGRESSIVE;
				CLANG_WARN_UNREACHABLE_CODE = YES;
				CLANG_WARN__DUPLICATE_METHOD_MATCH = YES;
				COPY_PHASE_STRIP = NO;
				DEBUG_INFORMATION_FORMAT = dwarf;
				ENABLE_STRICT_OBJC_MSGSEND = YES;
				ENABLE_TESTABILITY = YES;
				ENABLE_USER_SCRIPT_SANDBOXING = YES;
				GCC_C_LANGUAGE_STANDARD = gnu17;
				GCC_DYNAMIC_NO_PIC = NO;
				GCC_NO_COMMON_BLOCKS = YES;
				GCC_OPTIMIZATION_LEVEL = 0;
				GCC_PREPROCESSOR_DEFINITIONS = (
					"DEBUG=1",
					"$(inherited)",
				);
				GCC_WARN_64_TO_32_BIT_CONVERSION = YES;
				GCC_WARN_ABOUT_RETURN_TYPE = YES_ERROR;
				GCC_WARN_UNDECLARED_SELECTOR = YES;
				GCC_WARN_UNINITIALIZED_AUTOS = YES_AGGRESSIVE;
				GCC_WARN_UNUSED_FUNCTION = YES;
				GCC_WARN_UNUSED_VARIABLE = YES;
				IPHONEOS_DEPLOYMENT_TARGET = 17.2;
				LOCALIZATION_PREFERS_STRING_CATALOGS = YES;
				MTL_ENABLE_DEBUG_INFO = INCLUDE_SOURCE;
				MTL_FAST_MATH = YES;
				ONLY_ACTIVE_ARCH = YES;
				SDKROOT = iphoneos;
				SWIFT_ACTIVE_COMPILATION_CONDITIONS = "DEBUG $(inherited)";
				SWIFT_OPTIMIZATION_LEVEL = "-Onone";
			};
			name = Debug;
		};
		990733212D9FF7C3007151AB /* Release */ = {
			isa = XCBuildConfiguration;
			buildSettings = {
				ALWAYS_SEARCH_USER_PATHS = NO;
				ASSETCATALOG_COMPILER_GENERATE_SWIFT_ASSET_SYMBOL_EXTENSIONS = YES;
				CLANG_ANALYZER_NONNULL = YES;
				CLANG_ANALYZER_NUMBER_OBJECT_CONVERSION = YES_AGGRESSIVE;
				CLANG_CXX_LANGUAGE_STANDARD = "gnu++20";
				CLANG_ENABLE_MODULES = YES;
				CLANG_ENABLE_OBJC_ARC = YES;
				CLANG_ENABLE_OBJC_WEAK = YES;
				CLANG_WARN_BLOCK_CAPTURE_AUTORELEASING = YES;
				CLANG_WARN_BOOL_CONVERSION = YES;
				CLANG_WARN_COMMA = YES;
				CLANG_WARN_CONSTANT_CONVERSION = YES;
				CLANG_WARN_DEPRECATED_OBJC_IMPLEMENTATIONS = YES;
				CLANG_WARN_DIRECT_OBJC_ISA_USAGE = YES_ERROR;
				CLANG_WARN_DOCUMENTATION_COMMENTS = YES;
				CLANG_WARN_EMPTY_BODY = YES;
				CLANG_WARN_ENUM_CONVERSION = YES;
				CLANG_WARN_INFINITE_RECURSION = YES;
				CLANG_WARN_INT_CONVERSION = YES;
				CLANG_WARN_NON_LITERAL_NULL_CONVERSION = YES;
				CLANG_WARN_OBJC_IMPLICIT_RETAIN_SELF = YES;
				CLANG_WARN_OBJC_LITERAL_CONVERSION = YES;
				CLANG_WARN_OBJC_ROOT_CLASS = YES_ERROR;
				CLANG_WARN_QUOTED_INCLUDE_IN_FRAMEWORK_HEADER = YES;
				CLANG_WARN_RANGE_LOOP_ANALYSIS = YES;
				CLANG_WARN_STRICT_PROTOTYPES = YES;
				CLANG_WARN_SUSPICIOUS_MOVE = YES;
				CLANG_WARN_UNGUARDED_AVAILABILITY = YES_AGGRESSIVE;
				CLANG_WARN_UNREACHABLE_CODE = YES;
				CLANG_WARN__DUPLICATE_METHOD_MATCH = YES;
				COPY_PHASE_STRIP = NO;
				DEBUG_INFORMATION_FORMAT = "dwarf-with-dsym";
				ENABLE_NS_ASSERTIONS = NO;
				ENABLE_STRICT_OBJC_MSGSEND = YES;
				ENABLE_USER_SCRIPT_SANDBOXING = YES;
				GCC_C_LANGUAGE_STANDARD = gnu17;
				GCC_NO_COMMON_BLOCKS = YES;
				GCC_WARN_64_TO_32_BIT_CONVERSION = YES;
				GCC_WARN_ABOUT_RETURN_TYPE = YES_ERROR;
				GCC_WARN_UNDECLARED_SELECTOR = YES;
				GCC_WARN_UNINITIALIZED_AUTOS = YES_AGGRESSIVE;
				GCC_WARN_UNUSED_FUNCTION = YES;
				GCC_WARN_UNUSED_VARIABLE = YES;
				IPHONEOS_DEPLOYMENT_TARGET = 17.2;
				LOCALIZATION_PREFERS_STRING_CATALOGS = YES;
				MTL_ENABLE_DEBUG_INFO = NO;
				MTL_FAST_MATH = YES;
				SDKROOT = iphoneos;
				SWIFT_COMPILATION_MODE = wholemodule;
				VALIDATE_PRODUCT = YES;
			};
			name = Release;
		};
		990733232D9FF7C3007151AB /* Debug */ = {
			isa = XCBuildConfiguration;
			buildSettings = {
				ASSETCATALOG_COMPILER_APPICON_NAME = AppIcon;
				ASSETCATALOG_COMPILER_GLOBAL_ACCENT_COLOR_NAME = AccentColor;
				CODE_SIGN_STYLE = Automatic;
				CURRENT_PROJECT_VERSION = 1;
				DEVELOPMENT_ASSET_PATHS = "\"Weather Forecat/Preview Content\"";
				DEVELOPMENT_TEAM = 8DQ3Z5KA8U;
				ENABLE_PREVIEWS = YES;
				GENERATE_INFOPLIST_FILE = YES;
				INFOPLIST_KEY_UIApplicationSceneManifest_Generation = YES;
				INFOPLIST_KEY_UIApplicationSupportsIndirectInputEvents = YES;
				INFOPLIST_KEY_UILaunchScreen_Generation = YES;
				INFOPLIST_KEY_UISupportedInterfaceOrientations_iPad = "UIInterfaceOrientationPortrait UIInterfaceOrientationPortraitUpsideDown UIInterfaceOrientationLandscapeLeft UIInterfaceOrientationLandscapeRight";
				INFOPLIST_KEY_UISupportedInterfaceOrientations_iPhone = "UIInterfaceOrientationPortrait UIInterfaceOrientationLandscapeLeft UIInterfaceOrientationLandscapeRight";
				LD_RUNPATH_SEARCH_PATHS = (
					"$(inherited)",
					"@executable_path/Frameworks",
				);
				MARKETING_VERSION = 1.0;
				PRODUCT_BUNDLE_IDENTIFIER = "Mahta.Weather-Forecat";
				PRODUCT_NAME = "$(TARGET_NAME)";
				SWIFT_EMIT_LOC_STRINGS = YES;
				SWIFT_VERSION = 5.0;
				TARGETED_DEVICE_FAMILY = "1,2";
			};
			name = Debug;
		};
		990733242D9FF7C3007151AB /* Release */ = {
			isa = XCBuildConfiguration;
			buildSettings = {
				ASSETCATALOG_COMPILER_APPICON_NAME = AppIcon;
				ASSETCATALOG_COMPILER_GLOBAL_ACCENT_COLOR_NAME = AccentColor;
				CODE_SIGN_STYLE = Automatic;
				CURRENT_PROJECT_VERSION = 1;
				DEVELOPMENT_ASSET_PATHS = "\"Weather Forecat/Preview Content\"";
				DEVELOPMENT_TEAM = 8DQ3Z5KA8U;
				ENABLE_PREVIEWS = YES;
				GENERATE_INFOPLIST_FILE = YES;
				INFOPLIST_KEY_UIApplicationSceneManifest_Generation = YES;
				INFOPLIST_KEY_UIApplicationSupportsIndirectInputEvents = YES;
				INFOPLIST_KEY_UILaunchScreen_Generation = YES;
				INFOPLIST_KEY_UISupportedInterfaceOrientations_iPad = "UIInterfaceOrientationPortrait UIInterfaceOrientationPortraitUpsideDown UIInterfaceOrientationLandscapeLeft UIInterfaceOrientationLandscapeRight";
				INFOPLIST_KEY_UISupportedInterfaceOrientations_iPhone = "UIInterfaceOrientationPortrait UIInterfaceOrientationLandscapeLeft UIInterfaceOrientationLandscapeRight";
				LD_RUNPATH_SEARCH_PATHS = (
					"$(inherited)",
					"@executable_path/Frameworks",
				);
				MARKETING_VERSION = 1.0;
				PRODUCT_BUNDLE_IDENTIFIER = "Mahta.Weather-Forecat";
				PRODUCT_NAME = "$(TARGET_NAME)";
				SWIFT_EMIT_LOC_STRINGS = YES;
				SWIFT_VERSION = 5.0;
				TARGETED_DEVICE_FAMILY = "1,2";
			};
			name = Release;
		};
		990733262D9FF7C3007151AB /* Debug */ = {
			isa = XCBuildConfiguration;
			buildSettings = {
				ALWAYS_EMBED_SWIFT_STANDARD_LIBRARIES = YES;
				BUNDLE_LOADER = "$(TEST_HOST)";
				CODE_SIGN_STYLE = Automatic;
				CURRENT_PROJECT_VERSION = 1;
				DEVELOPMENT_TEAM = 8DQ3Z5KA8U;
				GENERATE_INFOPLIST_FILE = YES;
				IPHONEOS_DEPLOYMENT_TARGET = 17.2;
				MARKETING_VERSION = 1.0;
				PRODUCT_BUNDLE_IDENTIFIER = "Mahta.Weather-ForecatTests";
				PRODUCT_NAME = "$(TARGET_NAME)";
				SWIFT_EMIT_LOC_STRINGS = NO;
				SWIFT_VERSION = 5.0;
				TARGETED_DEVICE_FAMILY = "1,2";
				TEST_HOST = "$(BUILT_PRODUCTS_DIR)/Weather Forecat.app/$(BUNDLE_EXECUTABLE_FOLDER_PATH)/Weather Forecat";
			};
			name = Debug;
		};
		990733272D9FF7C3007151AB /* Release */ = {
			isa = XCBuildConfiguration;
			buildSettings = {
				ALWAYS_EMBED_SWIFT_STANDARD_LIBRARIES = YES;
				BUNDLE_LOADER = "$(TEST_HOST)";
				CODE_SIGN_STYLE = Automatic;
				CURRENT_PROJECT_VERSION = 1;
				DEVELOPMENT_TEAM = 8DQ3Z5KA8U;
				GENERATE_INFOPLIST_FILE = YES;
				IPHONEOS_DEPLOYMENT_TARGET = 17.2;
				MARKETING_VERSION = 1.0;
				PRODUCT_BUNDLE_IDENTIFIER = "Mahta.Weather-ForecatTests";
				PRODUCT_NAME = "$(TARGET_NAME)";
				SWIFT_EMIT_LOC_STRINGS = NO;
				SWIFT_VERSION = 5.0;
				TARGETED_DEVICE_FAMILY = "1,2";
				TEST_HOST = "$(BUILT_PRODUCTS_DIR)/Weather Forecat.app/$(BUNDLE_EXECUTABLE_FOLDER_PATH)/Weather Forecat";
			};
			name = Release;
		};
		990733292D9FF7C3007151AB /* Debug */ = {
			isa = XCBuildConfiguration;
			buildSettings = {
				ALWAYS_EMBED_SWIFT_STANDARD_LIBRARIES = YES;
				CODE_SIGN_STYLE = Automatic;
				CURRENT_PROJECT_VERSION = 1;
				DEVELOPMENT_TEAM = 8DQ3Z5KA8U;
				GENERATE_INFOPLIST_FILE = YES;
				MARKETING_VERSION = 1.0;
				PRODUCT_BUNDLE_IDENTIFIER = "Mahta.Weather-ForecatUITests";
				PRODUCT_NAME = "$(TARGET_NAME)";
				SWIFT_EMIT_LOC_STRINGS = NO;
				SWIFT_VERSION = 5.0;
				TARGETED_DEVICE_FAMILY = "1,2";
				TEST_TARGET_NAME = "Weather Forecat";
			};
			name = Debug;
		};
		9907332A2D9FF7C3007151AB /* Release */ = {
			isa = XCBuildConfiguration;
			buildSettings = {
				ALWAYS_EMBED_SWIFT_STANDARD_LIBRARIES = YES;
				CODE_SIGN_STYLE = Automatic;
				CURRENT_PROJECT_VERSION = 1;
				DEVELOPMENT_TEAM = 8DQ3Z5KA8U;
				GENERATE_INFOPLIST_FILE = YES;
				MARKETING_VERSION = 1.0;
				PRODUCT_BUNDLE_IDENTIFIER = "Mahta.Weather-ForecatUITests";
				PRODUCT_NAME = "$(TARGET_NAME)";
				SWIFT_EMIT_LOC_STRINGS = NO;
				SWIFT_VERSION = 5.0;
				TARGETED_DEVICE_FAMILY = "1,2";
				TEST_TARGET_NAME = "Weather Forecat";
			};
			name = Release;
		};
/* End XCBuildConfiguration section */

/* Begin XCConfigurationList section */
		990732F92D9FF7BF007151AB /* Build configuration list for PBXProject "Weather Forecat" */ = {
			isa = XCConfigurationList;
			buildConfigurations = (
				990733202D9FF7C3007151AB /* Debug */,
				990733212D9FF7C3007151AB /* Release */,
			);
			defaultConfigurationIsVisible = 0;
			defaultConfigurationName = Release;
		};
		990733222D9FF7C3007151AB /* Build configuration list for PBXNativeTarget "Weather Forecat" */ = {
			isa = XCConfigurationList;
			buildConfigurations = (
				990733232D9FF7C3007151AB /* Debug */,
				990733242D9FF7C3007151AB /* Release */,
			);
			defaultConfigurationIsVisible = 0;
			defaultConfigurationName = Release;
		};
		990733252D9FF7C3007151AB /* Build configuration list for PBXNativeTarget "Weather ForecatTests" */ = {
			isa = XCConfigurationList;
			buildConfigurations = (
				990733262D9FF7C3007151AB /* Debug */,
				990733272D9FF7C3007151AB /* Release */,
			);
			defaultConfigurationIsVisible = 0;
			defaultConfigurationName = Release;
		};
		990733282D9FF7C3007151AB /* Build configuration list for PBXNativeTarget "Weather ForecatUITests" */ = {
			isa = XCConfigurationList;
			buildConfigurations = (
				990733292D9FF7C3007151AB /* Debug */,
				9907332A2D9FF7C3007151AB /* Release */,
			);
			defaultConfigurationIsVisible = 0;
			defaultConfigurationName = Release;
		};
/* End XCConfigurationList section */
	};
	rootObject = 990732F62D9FF7BF007151AB /* Project object */;
}
